
Microsoft Visual Studio Solution File, Format Version 12.00
# Visual Studio Version 16
VisualStudioVersion = 16.0.31205.134
MinimumVisualStudioVersion = 10.0.40219.1
Project("{FAE04EC0-301F-11D3-BF4B-00C04F79EFBC}") = "Laba 6.2", "Laba 6.2\Laba 6.2.csproj", "{3B351F38-9B47-45A1-8DA4-07C820594417}"
EndProject
Global
	GlobalSection(SolutionConfigurationPlatforms) = preSolution
		Debug|Any CPU = Debug|Any CPU
		Release|Any CPU = Release|Any CPU
	EndGlobalSection
	GlobalSection(ProjectConfigurationPlatforms) = postSolution
		{3B351F38-9B47-45A1-8DA4-07C820594417}.Debug|Any CPU.ActiveCfg = Debug|Any CPU
		{3B351F38-9B47-45A1-8DA4-07C820594417}.Debug|Any CPU.Build.0 = Debug|Any CPU
		{3B351F38-9B47-45A1-8DA4-07C820594417}.Release|Any CPU.ActiveCfg = Release|Any CPU
		{3B351F38-9B47-45A1-8DA4-07C820594417}.Release|Any CPU.Build.0 = Release|Any CPU
	EndGlobalSection
	GlobalSection(SolutionProperties) = preSolution
		HideSolutionNode = FALSE
	EndGlobalSection
	GlobalSection(ExtensibilityGlobals) = postSolution
		SolutionGuid = {C7BA2299-13FB-414C-90B9-C3A0E131CA31}
	EndGlobalSection
EndGlobal
